// !$*UTF8*$!
{
	archiveVersion = 1;
	classes = {
	};
	objectVersion = 77;
	objects = {

/* Begin PBXContainerItemProxy section */
		B538C9762EFB336500036D0A /* PBXContainerItemProxy */ = {
			isa = PBXContainerItemProxy;
			containerPortal = B538C9602EFB336200036D0A /* Project object */;
			proxyType = 1;
			remoteGlobalIDString = B538C9672EFB336200036D0A;
			remoteInfo = SWIFTCODINGCHALLENGE;
		};
		B538C9802EFB336500036D0A /* PBXContainerItemProxy */ = {
			isa = PBXContainerItemProxy;
			containerPortal = B538C9602EFB336200036D0A /* Project object */;
			proxyType = 1;
			remoteGlobalIDString = B538C9672EFB336200036D0A;
			remoteInfo = SWIFTCODINGCHALLENGE;
		};
/* End PBXContainerItemProxy section */

/* Begin PBXFileReference section */
		B538C9682EFB336200036D0A /* SWIFTCODINGCHALLENGE.app */ = {isa = PBXFileReference; explicitFileType = wrapper.application; includeInIndex = 0; path = SWIFTCODINGCHALLENGE.app; sourceTree = BUILT_PRODUCTS_DIR; };
		B538C9752EFB336500036D0A /* SWIFTCODINGCHALLENGETests.xctest */ = {isa = PBXFileReference; explicitFileType = wrapper.cfbundle; includeInIndex = 0; path = SWIFTCODINGCHALLENGETests.xctest; sourceTree = BUILT_PRODUCTS_DIR; };
		B538C97F2EFB336500036D0A /* SWIFTCODINGCHALLENGEUITests.xctest */ = {isa = PBXFileReference; explicitFileType = wrapper.cfbundle; includeInIndex = 0; path = SWIFTCODINGCHALLENGEUITests.xctest; sourceTree = BUILT_PRODUCTS_DIR; };
/* End PBXFileReference section */

/* Begin PBXFileSystemSynchronizedRootGroup section */
		B538C96A2EFB336200036D0A /* SWIFTCODINGCHALLENGE */ = {
			isa = PBXFileSystemSynchronizedRootGroup;
			path = SWIFTCODINGCHALLENGE;
			sourceTree = "<group>";
		};
		B538C9782EFB336500036D0A /* SWIFTCODINGCHALLENGETests */ = {
			isa = PBXFileSystemSynchronizedRootGroup;
			path = SWIFTCODINGCHALLENGETests;
			sourceTree = "<group>";
		};
		B538C9822EFB336500036D0A /* SWIFTCODINGCHALLENGEUITests */ = {
			isa = PBXFileSystemSynchronizedRootGroup;
			path = SWIFTCODINGCHALLENGEUITests;
			sourceTree = "<group>";
		};
/* End PBXFileSystemSynchronizedRootGroup section */

/* Begin PBXFrameworksBuildPhase section */
		B538C9652EFB336200036D0A /* Frameworks */ = {
			isa = PBXFrameworksBuildPhase;
			buildActionMask = 2147483647;
			files = (
			);
			runOnlyForDeploymentPostprocessing = 0;
		};
		B538C9722EFB336500036D0A /* Frameworks */ = {
			isa = PBXFrameworksBuildPhase;
			buildActionMask = 2147483647;
			files = (
			);
			runOnlyForDeploymentPostprocessing = 0;
		};
		B538C97C2EFB336500036D0A /* Frameworks */ = {
			isa = PBXFrameworksBuildPhase;
			buildActionMask = 2147483647;
			files = (
			);
			runOnlyForDeploymentPostprocessing = 0;
		};
/* End PBXFrameworksBuildPhase section */

/* Begin PBXGroup section */
		B538C95F2EFB336200036D0A = {
			isa = PBXGroup;
			children = (
				B538C96A2EFB336200036D0A /* SWIFTCODINGCHALLENGE */,
				B538C9782EFB336500036D0A /* SWIFTCODINGCHALLENGETests */,
				B538C9822EFB336500036D0A /* SWIFTCODINGCHALLENGEUITests */,
				B538C9692EFB336200036D0A /* Products */,
			);
			sourceTree = "<group>";
		};
		B538C9692EFB336200036D0A /* Products */ = {
			isa = PBXGroup;
			children = (
				B538C9682EFB336200036D0A /* SWIFTCODINGCHALLENGE.app */,
				B538C9752EFB336500036D0A /* SWIFTCODINGCHALLENGETests.xctest */,
				B538C97F2EFB336500036D0A /* SWIFTCODINGCHALLENGEUITests.xctest */,
			);
			name = Products;
			sourceTree = "<group>";
		};
/* End PBXGroup section */

/* Begin PBXNativeTarget section */
		B538C9672EFB336200036D0A /* SWIFTCODINGCHALLENGE */ = {
			isa = PBXNativeTarget;
			buildConfigurationList = B538C9892EFB336500036D0A /* Build configuration list for PBXNativeTarget "SWIFTCODINGCHALLENGE" */;
			buildPhases = (
				B538C9642EFB336200036D0A /* Sources */,
				B538C9652EFB336200036D0A /* Frameworks */,
				B538C9662EFB336200036D0A /* Resources */,
			);
			buildRules = (
			);
			dependencies = (
			);
			fileSystemSynchronizedGroups = (
				B538C96A2EFB336200036D0A /* SWIFTCODINGCHALLENGE */,
			);
			name = SWIFTCODINGCHALLENGE;
			packageProductDependencies = (
			);
			productName = SWIFTCODINGCHALLENGE;
			productReference = B538C9682EFB336200036D0A /* SWIFTCODINGCHALLENGE.app */;
			productType = "com.apple.product-type.application";
		};
		B538C9742EFB336500036D0A /* SWIFTCODINGCHALLENGETests */ = {
			isa = PBXNativeTarget;
			buildConfigurationList = B538C98C2EFB336500036D0A /* Build configuration list for PBXNativeTarget "SWIFTCODINGCHALLENGETests" */;
			buildPhases = (
				B538C9712EFB336500036D0A /* Sources */,
				B538C9722EFB336500036D0A /* Frameworks */,
				B538C9732EFB336500036D0A /* Resources */,
			);
			buildRules = (
			);
			dependencies = (
				B538C9772EFB336500036D0A /* PBXTargetDependency */,
			);
			fileSystemSynchronizedGroups = (
				B538C9782EFB336500036D0A /* SWIFTCODINGCHALLENGETests */,
			);
			name = SWIFTCODINGCHALLENGETests;
			packageProductDependencies = (
			);
			productName = SWIFTCODINGCHALLENGETests;
			productReference = B538C9752EFB336500036D0A /* SWIFTCODINGCHALLENGETests.xctest */;
			productType = "com.apple.product-type.bundle.unit-test";
		};
		B538C97E2EFB336500036D0A /* SWIFTCODINGCHALLENGEUITests */ = {
			isa = PBXNativeTarget;
			buildConfigurationList = B538C98F2EFB336500036D0A /* Build configuration list for PBXNativeTarget "SWIFTCODINGCHALLENGEUITests" */;
			buildPhases = (
				B538C97B2EFB336500036D0A /* Sources */,
				B538C97C2EFB336500036D0A /* Frameworks */,
				B538C97D2EFB336500036D0A /* Resources */,
			);
			buildRules = (
			);
			dependencies = (
				B538C9812EFB336500036D0A /* PBXTargetDependency */,
			);
			fileSystemSynchronizedGroups = (
				B538C9822EFB336500036D0A /* SWIFTCODINGCHALLENGEUITests */,
			);
			name = SWIFTCODINGCHALLENGEUITests;
			packageProductDependencies = (
			);
			productName = SWIFTCODINGCHALLENGEUITests;
			productReference = B538C97F2EFB336500036D0A /* SWIFTCODINGCHALLENGEUITests.xctest */;
			productType = "com.apple.product-type.bundle.ui-testing";
		};
/* End PBXNativeTarget section */

/* Begin PBXProject section */
		B538C9602EFB336200036D0A /* Project object */ = {
			isa = PBXProject;
			attributes = {
				BuildIndependentTargetsInParallel = 1;
				LastSwiftUpdateCheck = 2600;
				LastUpgradeCheck = 2600;
				TargetAttributes = {
					B538C9672EFB336200036D0A = {
						CreatedOnToolsVersion = 26.0.1;
					};
					B538C9742EFB336500036D0A = {
						CreatedOnToolsVersion = 26.0.1;
						TestTargetID = B538C9672EFB336200036D0A;
					};
					B538C97E2EFB336500036D0A = {
						CreatedOnToolsVersion = 26.0.1;
						TestTargetID = B538C9672EFB336200036D0A;
					};
				};
			};
			buildConfigurationList = B538C9632EFB336200036D0A /* Build configuration list for PBXProject "SWIFTCODINGCHALLENGE" */;
			developmentRegion = en;
			hasScannedForEncodings = 0;
			knownRegions = (
				en,
				Base,
			);
			mainGroup = B538C95F2EFB336200036D0A;
			minimizedProjectReferenceProxies = 1;
			preferredProjectObjectVersion = 77;
			productRefGroup = B538C9692EFB336200036D0A /* Products */;
			projectDirPath = "";
			projectRoot = "";
			targets = (
				B538C9672EFB336200036D0A /* SWIFTCODINGCHALLENGE */,
				B538C9742EFB336500036D0A /* SWIFTCODINGCHALLENGETests */,
				B538C97E2EFB336500036D0A /* SWIFTCODINGCHALLENGEUITests */,
			);
		};
/* End PBXProject section */

/* Begin PBXResourcesBuildPhase section */
		B538C9662EFB336200036D0A /* Resources */ = {
			isa = PBXResourcesBuildPhase;
			buildActionMask = 2147483647;
			files = (
			);
			runOnlyForDeploymentPostprocessing = 0;
		};
		B538C9732EFB336500036D0A /* Resources */ = {
			isa = PBXResourcesBuildPhase;
			buildActionMask = 2147483647;
			files = (
			);
			runOnlyForDeploymentPostprocessing = 0;
		};
		B538C97D2EFB336500036D0A /* Resources */ = {
			isa = PBXResourcesBuildPhase;
			buildActionMask = 2147483647;
			files = (
			);
			runOnlyForDeploymentPostprocessing = 0;
		};
/* End PBXResourcesBuildPhase section */

/* Begin PBXSourcesBuildPhase section */
		B538C9642EFB336200036D0A /* Sources */ = {
			isa = PBXSourcesBuildPhase;
			buildActionMask = 2147483647;
			files = (
			);
			runOnlyForDeploymentPostprocessing = 0;
		};
		B538C9712EFB336500036D0A /* Sources */ = {
			isa = PBXSourcesBuildPhase;
			buildActionMask = 2147483647;
			files = (
			);
			runOnlyForDeploymentPostprocessing = 0;
		};
		B538C97B2EFB336500036D0A /* Sources */ = {
			isa = PBXSourcesBuildPhase;
			buildActionMask = 2147483647;
			files = (
			);
			runOnlyForDeploymentPostprocessing = 0;
		};
/* End PBXSourcesBuildPhase section */

/* Begin PBXTargetDependency section */
		B538C9772EFB336500036D0A /* PBXTargetDependency */ = {
			isa = PBXTargetDependency;
			target = B538C9672EFB336200036D0A /* SWIFTCODINGCHALLENGE */;
			targetProxy = B538C9762EFB336500036D0A /* PBXContainerItemProxy */;
		};
		B538C9812EFB336500036D0A /* PBXTargetDependency */ = {
			isa = PBXTargetDependency;
			target = B538C9672EFB336200036D0A /* SWIFTCODINGCHALLENGE */;
			targetProxy = B538C9802EFB336500036D0A /* PBXContainerItemProxy */;
		};
/* End PBXTargetDependency section */

/* Begin XCBuildConfiguration section */
		B538C9872EFB336500036D0A /* Debug */ = {
			isa = XCBuildConfiguration;
			buildSettings = {
				ALWAYS_SEARCH_USER_PATHS = NO;
				ASSETCATALOG_COMPILER_GENERATE_SWIFT_ASSET_SYMBOL_EXTENSIONS = YES;
				CLANG_ANALYZER_NONNULL = YES;
				CLANG_ANALYZER_NUMBER_OBJECT_CONVERSION = YES_AGGRESSIVE;
				CLANG_CXX_LANGUAGE_STANDARD = "gnu++20";
				CLANG_ENABLE_MODULES = YES;
				CLANG_ENABLE_OBJC_ARC = YES;
				CLANG_ENABLE_OBJC_WEAK = YES;
				CLANG_WARN_BLOCK_CAPTURE_AUTORELEASING = YES;
				CLANG_WARN_BOOL_CONVERSION = YES;
				CLANG_WARN_COMMA = YES;
				CLANG_WARN_CONSTANT_CONVERSION = YES;
				CLANG_WARN_DEPRECATED_OBJC_IMPLEMENTATIONS = YES;
				CLANG_WARN_DIRECT_OBJC_ISA_USAGE = YES_ERROR;
				CLANG_WARN_DOCUMENTATION_COMMENTS = YES;
				CLANG_WARN_EMPTY_BODY = YES;
				CLANG_WARN_ENUM_CONVERSION = YES;
				CLANG_WARN_INFINITE_RECURSION = YES;
				CLANG_WARN_INT_CONVERSION = YES;
				CLANG_WARN_NON_LITERAL_NULL_CONVERSION = YES;
				CLANG_WARN_OBJC_IMPLICIT_RETAIN_SELF = YES;
				CLANG_WARN_OBJC_LITERAL_CONVERSION = YES;
				CLANG_WARN_OBJC_ROOT_CLASS = YES_ERROR;
				CLANG_WARN_QUOTED_INCLUDE_IN_FRAMEWORK_HEADER = YES;
				CLANG_WARN_RANGE_LOOP_ANALYSIS = YES;
				CLANG_WARN_STRICT_PROTOTYPES = YES;
				CLANG_WARN_SUSPICIOUS_MOVE = YES;
				CLANG_WARN_UNGUARDED_AVAILABILITY = YES_AGGRESSIVE;
				CLANG_WARN_UNREACHABLE_CODE = YES;
				CLANG_WARN__DUPLICATE_METHOD_MATCH = YES;
				COPY_PHASE_STRIP = NO;
				DEBUG_INFORMATION_FORMAT = dwarf;
				ENABLE_STRICT_OBJC_MSGSEND = YES;
				ENABLE_TESTABILITY = YES;
				ENABLE_USER_SCRIPT_SANDBOXING = YES;
				GCC_C_LANGUAGE_STANDARD = gnu17;
				GCC_DYNAMIC_NO_PIC = NO;
				GCC_NO_COMMON_BLOCKS = YES;
				GCC_OPTIMIZATION_LEVEL = 0;
				GCC_PREPROCESSOR_DEFINITIONS = (
					"DEBUG=1",
					"$(inherited)",
				);
				GCC_WARN_64_TO_32_BIT_CONVERSION = YES;
				GCC_WARN_ABOUT_RETURN_TYPE = YES_ERROR;
				GCC_WARN_UNDECLARED_SELECTOR = YES;
				GCC_WARN_UNINITIALIZED_AUTOS = YES_AGGRESSIVE;
				GCC_WARN_UNUSED_FUNCTION = YES;
				GCC_WARN_UNUSED_VARIABLE = YES;
				IPHONEOS_DEPLOYMENT_TARGET = 26.0;
				LOCALIZATION_PREFERS_STRING_CATALOGS = YES;
				MTL_ENABLE_DEBUG_INFO = INCLUDE_SOURCE;
				MTL_FAST_MATH = YES;
				ONLY_ACTIVE_ARCH = YES;
				SDKROOT = iphoneos;
				SWIFT_ACTIVE_COMPILATION_CONDITIONS = "DEBUG $(inherited)";
				SWIFT_OPTIMIZATION_LEVEL = "-Onone";
			};
			name = Debug;
		};
		B538C9882EFB336500036D0A /* Release */ = {
			isa = XCBuildConfiguration;
			buildSettings = {
				ALWAYS_SEARCH_USER_PATHS = NO;
				ASSETCATALOG_COMPILER_GENERATE_SWIFT_ASSET_SYMBOL_EXTENSIONS = YES;
				CLANG_ANALYZER_NONNULL = YES;
				CLANG_ANALYZER_NUMBER_OBJECT_CONVERSION = YES_AGGRESSIVE;
				CLANG_CXX_LANGUAGE_STANDARD = "gnu++20";
				CLANG_ENABLE_MODULES = YES;
				CLANG_ENABLE_OBJC_ARC = YES;
				CLANG_ENABLE_OBJC_WEAK = YES;
				CLANG_WARN_BLOCK_CAPTURE_AUTORELEASING = YES;
				CLANG_WARN_BOOL_CONVERSION = YES;
				CLANG_WARN_COMMA = YES;
				CLANG_WARN_CONSTANT_CONVERSION = YES;
				CLANG_WARN_DEPRECATED_OBJC_IMPLEMENTATIONS = YES;
				CLANG_WARN_DIRECT_OBJC_ISA_USAGE = YES_ERROR;
				CLANG_WARN_DOCUMENTATION_COMMENTS = YES;
				CLANG_WARN_EMPTY_BODY = YES;
				CLANG_WARN_ENUM_CONVERSION = YES;
				CLANG_WARN_INFINITE_RECURSION = YES;
				CLANG_WARN_INT_CONVERSION = YES;
				CLANG_WARN_NON_LITERAL_NULL_CONVERSION = YES;
				CLANG_WARN_OBJC_IMPLICIT_RETAIN_SELF = YES;
				CLANG_WARN_OBJC_LITERAL_CONVERSION = YES;
				CLANG_WARN_OBJC_ROOT_CLASS = YES_ERROR;
				CLANG_WARN_QUOTED_INCLUDE_IN_FRAMEWORK_HEADER = YES;
				CLANG_WARN_RANGE_LOOP_ANALYSIS = YES;
				CLANG_WARN_STRICT_PROTOTYPES = YES;
				CLANG_WARN_SUSPICIOUS_MOVE = YES;
				CLANG_WARN_UNGUARDED_AVAILABILITY = YES_AGGRESSIVE;
				CLANG_WARN_UNREACHABLE_CODE = YES;
				CLANG_WARN__DUPLICATE_METHOD_MATCH = YES;
				COPY_PHASE_STRIP = NO;
				DEBUG_INFORMATION_FORMAT = "dwarf-with-dsym";
				ENABLE_NS_ASSERTIONS = NO;
				ENABLE_STRICT_OBJC_MSGSEND = YES;
				ENABLE_USER_SCRIPT_SANDBOXING = YES;
				GCC_C_LANGUAGE_STANDARD = gnu17;
				GCC_NO_COMMON_BLOCKS = YES;
				GCC_WARN_64_TO_32_BIT_CONVERSION = YES;
				GCC_WARN_ABOUT_RETURN_TYPE = YES_ERROR;
				GCC_WARN_UNDECLARED_SELECTOR = YES;
				GCC_WARN_UNINITIALIZED_AUTOS = YES_AGGRESSIVE;
				GCC_WARN_UNUSED_FUNCTION = YES;
				GCC_WARN_UNUSED_VARIABLE = YES;
				IPHONEOS_DEPLOYMENT_TARGET = 26.0;
				LOCALIZATION_PREFERS_STRING_CATALOGS = YES;
				MTL_ENABLE_DEBUG_INFO = NO;
				MTL_FAST_MATH = YES;
				SDKROOT = iphoneos;
				SWIFT_COMPILATION_MODE = wholemodule;
				VALIDATE_PRODUCT = YES;
			};
			name = Release;
		};
		B538C98A2EFB336500036D0A /* Debug */ = {
			isa = XCBuildConfiguration;
			buildSettings = {
				ASSETCATALOG_COMPILER_APPICON_NAME = AppIcon;
				ASSETCATALOG_COMPILER_GLOBAL_ACCENT_COLOR_NAME = AccentColor;
				CODE_SIGN_STYLE = Automatic;
				CURRENT_PROJECT_VERSION = 1;
				DEVELOPMENT_TEAM = CFD6U2W8D6;
				ENABLE_PREVIEWS = YES;
				GENERATE_INFOPLIST_FILE = YES;
				INFOPLIST_KEY_LSApplicationCategoryType = "";
				INFOPLIST_KEY_NSCameraUsageDescription = "";
				INFOPLIST_KEY_NSMotionUsageDescription = "Axis uses head movement to guide your session.";
				INFOPLIST_KEY_UIApplicationSceneManifest_Generation = YES;
				INFOPLIST_KEY_UIApplicationSupportsIndirectInputEvents = YES;
				INFOPLIST_KEY_UILaunchScreen_Generation = YES;
				INFOPLIST_KEY_UISupportedInterfaceOrientations_iPad = "UIInterfaceOrientationPortrait UIInterfaceOrientationPortraitUpsideDown UIInterfaceOrientationLandscapeLeft UIInterfaceOrientationLandscapeRight";
				INFOPLIST_KEY_UISupportedInterfaceOrientations_iPhone = UIInterfaceOrientationPortrait;
				LD_RUNPATH_SEARCH_PATHS = (
					"$(inherited)",
					"@executable_path/Frameworks",
				);
				MARKETING_VERSION = 1.0;
				PRODUCT_BUNDLE_IDENTIFIER = com.shoryamishra.SWIFTCODINGCHALLENGE;
				PRODUCT_NAME = "$(TARGET_NAME)";
				STRING_CATALOG_GENERATE_SYMBOLS = YES;
				SWIFT_APPROACHABLE_CONCURRENCY = YES;
				SWIFT_DEFAULT_ACTOR_ISOLATION = MainActor;
				SWIFT_EMIT_LOC_STRINGS = YES;
				SWIFT_UPCOMING_FEATURE_MEMBER_IMPORT_VISIBILITY = YES;
				SWIFT_VERSION = 5.0;
				TARGETED_DEVICE_FAMILY = "1,2";
			};
			name = Debug;
		};
		B538C98B2EFB336500036D0A /* Release */ = {
			isa = XCBuildConfiguration;
			buildSettings = {
				ASSETCATALOG_COMPILER_APPICON_NAME = AppIcon;
				ASSETCATALOG_COMPILER_GLOBAL_ACCENT_COLOR_NAME = AccentColor;
				CODE_SIGN_STYLE = Automatic;
				CURRENT_PROJECT_VERSION = 1;
				DEVELOPMENT_TEAM = CFD6U2W8D6;
				ENABLE_PREVIEWS = YES;
				GENERATE_INFOPLIST_FILE = YES;
				INFOPLIST_KEY_LSApplicationCategoryType = "";
				INFOPLIST_KEY_NSCameraUsageDescription = "";
				INFOPLIST_KEY_NSMotionUsageDescription = "Axis uses head movement to guide your session.";
				INFOPLIST_KEY_UIApplicationSceneManifest_Generation = YES;
				INFOPLIST_KEY_UIApplicationSupportsIndirectInputEvents = YES;
				INFOPLIST_KEY_UILaunchScreen_Generation = YES;
				INFOPLIST_KEY_UISupportedInterfaceOrientations_iPad = "UIInterfaceOrientationPortrait UIInterfaceOrientationPortraitUpsideDown UIInterfaceOrientationLandscapeLeft UIInterfaceOrientationLandscapeRight";
				INFOPLIST_KEY_UISupportedInterfaceOrientations_iPhone = UIInterfaceOrientationPortrait;
				LD_RUNPATH_SEARCH_PATHS = (
					"$(inherited)",
					"@executable_path/Frameworks",
				);
				MARKETING_VERSION = 1.0;
				PRODUCT_BUNDLE_IDENTIFIER = com.shoryamishra.SWIFTCODINGCHALLENGE;
				PRODUCT_NAME = "$(TARGET_NAME)";
				STRING_CATALOG_GENERATE_SYMBOLS = YES;
				SWIFT_APPROACHABLE_CONCURRENCY = YES;
				SWIFT_DEFAULT_ACTOR_ISOLATION = MainActor;
				SWIFT_EMIT_LOC_STRINGS = YES;
				SWIFT_UPCOMING_FEATURE_MEMBER_IMPORT_VISIBILITY = YES;
				SWIFT_VERSION = 5.0;
				TARGETED_DEVICE_FAMILY = "1,2";
			};
			name = Release;
		};
		B538C98D2EFB336500036D0A /* Debug */ = {
			isa = XCBuildConfiguration;
			buildSettings = {
				BUNDLE_LOADER = "$(TEST_HOST)";
				CODE_SIGN_STYLE = Automatic;
				CURRENT_PROJECT_VERSION = 1;
				GENERATE_INFOPLIST_FILE = YES;
				IPHONEOS_DEPLOYMENT_TARGET = 26.0;
				MARKETING_VERSION = 1.0;
				PRODUCT_BUNDLE_IDENTIFIER = com.shoryamishra.SWIFTCODINGCHALLENGETests;
				PRODUCT_NAME = "$(TARGET_NAME)";
				STRING_CATALOG_GENERATE_SYMBOLS = NO;
				SWIFT_APPROACHABLE_CONCURRENCY = YES;
				SWIFT_EMIT_LOC_STRINGS = NO;
				SWIFT_UPCOMING_FEATURE_MEMBER_IMPORT_VISIBILITY = YES;
				SWIFT_VERSION = 5.0;
				TARGETED_DEVICE_FAMILY = "1,2";
				TEST_HOST = "$(BUILT_PRODUCTS_DIR)/SWIFTCODINGCHALLENGE.app/$(BUNDLE_EXECUTABLE_FOLDER_PATH)/SWIFTCODINGCHALLENGE";
			};
			name = Debug;
		};
		B538C98E2EFB336500036D0A /* Release */ = {
			isa = XCBuildConfiguration;
			buildSettings = {
				BUNDLE_LOADER = "$(TEST_HOST)";
				CODE_SIGN_STYLE = Automatic;
				CURRENT_PROJECT_VERSION = 1;
				GENERATE_INFOPLIST_FILE = YES;
				IPHONEOS_DEPLOYMENT_TARGET = 26.0;
				MARKETING_VERSION = 1.0;
				PRODUCT_BUNDLE_IDENTIFIER = com.shoryamishra.SWIFTCODINGCHALLENGETests;
				PRODUCT_NAME = "$(TARGET_NAME)";
				STRING_CATALOG_GENERATE_SYMBOLS = NO;
				SWIFT_APPROACHABLE_CONCURRENCY = YES;
				SWIFT_EMIT_LOC_STRINGS = NO;
				SWIFT_UPCOMING_FEATURE_MEMBER_IMPORT_VISIBILITY = YES;
				SWIFT_VERSION = 5.0;
				TARGETED_DEVICE_FAMILY = "1,2";
				TEST_HOST = "$(BUILT_PRODUCTS_DIR)/SWIFTCODINGCHALLENGE.app/$(BUNDLE_EXECUTABLE_FOLDER_PATH)/SWIFTCODINGCHALLENGE";
			};
			name = Release;
		};
		B538C9902EFB336500036D0A /* Debug */ = {
			isa = XCBuildConfiguration;
			buildSettings = {
				CODE_SIGN_STYLE = Automatic;
				CURRENT_PROJECT_VERSION = 1;
				GENERATE_INFOPLIST_FILE = YES;
				MARKETING_VERSION = 1.0;
				PRODUCT_BUNDLE_IDENTIFIER = com.shoryamishra.SWIFTCODINGCHALLENGEUITests;
				PRODUCT_NAME = "$(TARGET_NAME)";
				STRING_CATALOG_GENERATE_SYMBOLS = NO;
				SWIFT_APPROACHABLE_CONCURRENCY = YES;
				SWIFT_EMIT_LOC_STRINGS = NO;
				SWIFT_UPCOMING_FEATURE_MEMBER_IMPORT_VISIBILITY = YES;
				SWIFT_VERSION = 5.0;
				TARGETED_DEVICE_FAMILY = "1,2";
				TEST_TARGET_NAME = SWIFTCODINGCHALLENGE;
			};
			name = Debug;
		};
		B538C9912EFB336500036D0A /* Release */ = {
			isa = XCBuildConfiguration;
			buildSettings = {
				CODE_SIGN_STYLE = Automatic;
				CURRENT_PROJECT_VERSION = 1;
				GENERATE_INFOPLIST_FILE = YES;
				MARKETING_VERSION = 1.0;
				PRODUCT_BUNDLE_IDENTIFIER = com.shoryamishra.SWIFTCODINGCHALLENGEUITests;
				PRODUCT_NAME = "$(TARGET_NAME)";
				STRING_CATALOG_GENERATE_SYMBOLS = NO;
				SWIFT_APPROACHABLE_CONCURRENCY = YES;
				SWIFT_EMIT_LOC_STRINGS = NO;
				SWIFT_UPCOMING_FEATURE_MEMBER_IMPORT_VISIBILITY = YES;
				SWIFT_VERSION = 5.0;
				TARGETED_DEVICE_FAMILY = "1,2";
				TEST_TARGET_NAME = SWIFTCODINGCHALLENGE;
			};
			name = Release;
		};
/* End XCBuildConfiguration section */

/* Begin XCConfigurationList section */
		B538C9632EFB336200036D0A /* Build configuration list for PBXProject "SWIFTCODINGCHALLENGE" */ = {
			isa = XCConfigurationList;
			buildConfigurations = (
				B538C9872EFB336500036D0A /* Debug */,
				B538C9882EFB336500036D0A /* Release */,
			);
			defaultConfigurationIsVisible = 0;
			defaultConfigurationName = Release;
		};
		B538C9892EFB336500036D0A /* Build configuration list for PBXNativeTarget "SWIFTCODINGCHALLENGE" */ = {
			isa = XCConfigurationList;
			buildConfigurations = (
				B538C98A2EFB336500036D0A /* Debug */,
				B538C98B2EFB336500036D0A /* Release */,
			);
			defaultConfigurationIsVisible = 0;
			defaultConfigurationName = Release;
		};
		B538C98C2EFB336500036D0A /* Build configuration list for PBXNativeTarget "SWIFTCODINGCHALLENGETests" */ = {
			isa = XCConfigurationList;
			buildConfigurations = (
				B538C98D2EFB336500036D0A /* Debug */,
				B538C98E2EFB336500036D0A /* Release */,
			);
			defaultConfigurationIsVisible = 0;
			defaultConfigurationName = Release;
		};
		B538C98F2EFB336500036D0A /* Build configuration list for PBXNativeTarget "SWIFTCODINGCHALLENGEUITests" */ = {
			isa = XCConfigurationList;
			buildConfigurations = (
				B538C9902EFB336500036D0A /* Debug */,
				B538C9912EFB336500036D0A /* Release */,
			);
			defaultConfigurationIsVisible = 0;
			defaultConfigurationName = Release;
		};
/* End XCConfigurationList section */
	};
	rootObject = B538C9602EFB336200036D0A /* Project object */;
}
